PODS:
  - TXLiteAVSDK_TRTC (13.5.21355):
    - TXLiteAVSDK_TRTC/TRTC (= 13.5.21355)
  - TXLiteAVSDK_TRTC/TRTC (13.5.21355)

DEPENDENCIES:
  - TXLiteAVSDK_TRTC

SPEC REPOS:
  trunk:
    - TXLiteAVSDK_TRTC

SPEC CHECKSUMS:
  TXLiteAVSDK_TRTC: 09f8babcc4bf8a21ac5766838e7ac18b476f7e44

PODFILE CHECKSUM: 071d41133ba67896157c779be87180107906e53e

COCOAPODS: 1.17.0
